lockfileVersion: '9.0'

settings:
  autoInstallPeers: true
  excludeLinksFromLockfile: false

importers:

  .:
    dependencies:
      '@usebruno/lang':
        specifier: ^0.29.0
        version: 0.29.0
      v2:
        specifier: link:@usebruno/lang/v2
        version: link:@usebruno/lang/v2

packages:

  '@usebruno/lang@0.29.0':
    resolution: {integrity: sha512-oDveUJBIKbm/BflY9ydiQa5v3e2K11vudco79WyK7xxDwtIGM0vG9AWbcF6IDAaTPK+YkBR1TNOs2qwvoCTxaQ==}

  arcsecond@5.0.0:
    resolution: {integrity: sha512-J/fHdyadnsIencRsM6oUSsraCKG+Ni9Udcgr/eusxjTzX3SEQtCUQSpP0YtImFPfIK6DdT1nqwN0ng4FqNmwgA==}

  dotenv@16.6.1:
    resolution: {integrity: sha512-uBq4egWHTcTt33a72vpSG0z3HnPuIl6NqYcTrKEg2azoEyl2hpW0zqlxysq2pK9HlDIHyHyakeYaYnSAwd8bow==}
    engines: {node: '>=12'}

  lodash@4.17.21:
    resolution: {integrity: sha512-v2kDEe57lecTulaDIuNTPy3Ry4gLGJ6Z1O3vE1krgXZNrsQ+LFTGHVxVjcXPs17LhbZVGedAJv8XZ1tvj5FvSg==}

  ohm-js@16.6.0:
    resolution: {integrity: sha512-X9P4koSGa7swgVQ0gt71UCYtkAQGOjciJPJAz74kDxWt8nXbH5HrDOQG6qBDH7SR40ktNv4x61BwpTDE9q4lRA==}
    engines: {node: '>=0.12.1'}

snapshots:

  '@usebruno/lang@0.29.0':
    dependencies:
      arcsecond: 5.0.0
      dotenv: 16.6.1
      lodash: 4.17.21
      ohm-js: 16.6.0

  arcsecond@5.0.0: {}

  dotenv@16.6.1: {}

  lodash@4.17.21: {}

  ohm-js@16.6.0: {}
